
Microsoft Visual Studio Solution File, Format Version 12.00
# Visual Studio Version 17
VisualStudioVersion = 17.8.34525.116
MinimumVisualStudioVersion = 10.0.40219.1
Project("{9A19103F-16F7-4668-BE54-9A1E7A4F7556}") = "ProdutosECIA.API", "src\API\ProdutosECIA.API\ProdutosECIA.API.csproj", "{56490C48-1127-4A68-AAAC-2BEB62DFF3DF}"
EndProject
Project("{9A19103F-16F7-4668-BE54-9A1E7A4F7556}") = "ProdutosECIA.Domain", "src\Domain\ProdutosECIA.Domain\ProdutosECIA.Domain.csproj", "{0B27FB83-D789-4A35-993F-C6C7F4C97127}"
EndProject
Project("{9A19103F-16F7-4668-BE54-9A1E7A4F7556}") = "ProdutosECIA.Application", "src\Application\ProdutosECIA.Application\ProdutosECIA.Application.csproj", "{59F683DA-F6FE-49DC-814F-30F04482B5AC}"
EndProject
Project("{9A19103F-16F7-4668-BE54-9A1E7A4F7556}") = "ProdutosECIA.Infrastructure", "src\Infrastructure\ProdutosECIA.Infrastructure\ProdutosECIA.Infrastructure.csproj", "{412D298B-01EE-435B-A968-47B5E945B51E}"
EndProject
Project("{2150E333-8FDC-42A3-9474-1A3956D46DE8}") = "src", "src", "{52B514B2-9D9C-46E0-80C9-AF4BAEE86E64}"
EndProject
Project("{2150E333-8FDC-42A3-9474-1A3956D46DE8}") = "API", "API", "{4F657666-8026-442B-8398-C343D7063AD7}"
EndProject
Project("{2150E333-8FDC-42A3-9474-1A3956D46DE8}") = "Application", "Application", "{DE73437F-708B-47D4-9C2F-5B1EFC4A1339}"
EndProject
Project("{2150E333-8FDC-42A3-9474-1A3956D46DE8}") = "Infrastructure", "Infrastructure", "{E426D313-8DAA-4A24-9E7E-A12BC593405C}"
EndProject
Project("{2150E333-8FDC-42A3-9474-1A3956D46DE8}") = "Domain", "Domain", "{AEF94F7E-4008-4131-AD07-893E11DB05CD}"
EndProject
Project("{2150E333-8FDC-42A3-9474-1A3956D46DE8}") = "Tests", "Tests", "{E8835DE6-5395-477F-B694-86D231239BCE}"
EndProject
Project("{FAE04EC0-301F-11D3-BF4B-00C04F79EFBC}") = "ProdutosECIA.Tests", "ProdutosECIA.Tests\ProdutosECIA.Tests.csproj", "{F1BEFFC0-AF9E-4E8D-A397-865F061C3FD1}"
EndProject
Global
	GlobalSection(SolutionConfigurationPlatforms) = preSolution
		Debug|Any CPU = Debug|Any CPU
		Release|Any CPU = Release|Any CPU
	EndGlobalSection
	GlobalSection(ProjectConfigurationPlatforms) = postSolution
		{56490C48-1127-4A68-AAAC-2BEB62DFF3DF}.Debug|Any CPU.ActiveCfg = Debug|Any CPU
		{56490C48-1127-4A68-AAAC-2BEB62DFF3DF}.Debug|Any CPU.Build.0 = Debug|Any CPU
		{56490C48-1127-4A68-AAAC-2BEB62DFF3DF}.Release|Any CPU.ActiveCfg = Release|Any CPU
		{56490C48-1127-4A68-AAAC-2BEB62DFF3DF}.Release|Any CPU.Build.0 = Release|Any CPU
		{0B27FB83-D789-4A35-993F-C6C7F4C97127}.Debug|Any CPU.ActiveCfg = Debug|Any CPU
		{0B27FB83-D789-4A35-993F-C6C7F4C97127}.Debug|Any CPU.Build.0 = Debug|Any CPU
		{0B27FB83-D789-4A35-993F-C6C7F4C97127}.Release|Any CPU.ActiveCfg = Release|Any CPU
		{0B27FB83-D789-4A35-993F-C6C7F4C97127}.Release|Any CPU.Build.0 = Release|Any CPU
		{59F683DA-F6FE-49DC-814F-30F04482B5AC}.Debug|Any CPU.ActiveCfg = Debug|Any CPU
		{59F683DA-F6FE-49DC-814F-30F04482B5AC}.Debug|Any CPU.Build.0 = Debug|Any CPU
		{59F683DA-F6FE-49DC-814F-30F04482B5AC}.Release|Any CPU.ActiveCfg = Release|Any CPU
		{59F683DA-F6FE-49DC-814F-30F04482B5AC}.Release|Any CPU.Build.0 = Release|Any CPU
		{412D298B-01EE-435B-A968-47B5E945B51E}.Debug|Any CPU.ActiveCfg = Debug|Any CPU
		{412D298B-01EE-435B-A968-47B5E945B51E}.Debug|Any CPU.Build.0 = Debug|Any CPU
		{412D298B-01EE-435B-A968-47B5E945B51E}.Release|Any CPU.ActiveCfg = Release|Any CPU
		{412D298B-01EE-435B-A968-47B5E945B51E}.Release|Any CPU.Build.0 = Release|Any CPU
		{F1BEFFC0-AF9E-4E8D-A397-865F061C3FD1}.Debug|Any CPU.ActiveCfg = Debug|Any CPU
		{F1BEFFC0-AF9E-4E8D-A397-865F061C3FD1}.Debug|Any CPU.Build.0 = Debug|Any CPU
		{F1BEFFC0-AF9E-4E8D-A397-865F061C3FD1}.Release|Any CPU.ActiveCfg = Release|Any CPU
		{F1BEFFC0-AF9E-4E8D-A397-865F061C3FD1}.Release|Any CPU.Build.0 = Release|Any CPU
	EndGlobalSection
	GlobalSection(SolutionProperties) = preSolution
		HideSolutionNode = FALSE
	EndGlobalSection
	GlobalSection(NestedProjects) = preSolution
		{56490C48-1127-4A68-AAAC-2BEB62DFF3DF} = {4F657666-8026-442B-8398-C343D7063AD7}
		{0B27FB83-D789-4A35-993F-C6C7F4C97127} = {AEF94F7E-4008-4131-AD07-893E11DB05CD}
		{59F683DA-F6FE-49DC-814F-30F04482B5AC} = {DE73437F-708B-47D4-9C2F-5B1EFC4A1339}
		{412D298B-01EE-435B-A968-47B5E945B51E} = {E426D313-8DAA-4A24-9E7E-A12BC593405C}
		{4F657666-8026-442B-8398-C343D7063AD7} = {52B514B2-9D9C-46E0-80C9-AF4BAEE86E64}
		{DE73437F-708B-47D4-9C2F-5B1EFC4A1339} = {52B514B2-9D9C-46E0-80C9-AF4BAEE86E64}
		{E426D313-8DAA-4A24-9E7E-A12BC593405C} = {52B514B2-9D9C-46E0-80C9-AF4BAEE86E64}
		{AEF94F7E-4008-4131-AD07-893E11DB05CD} = {52B514B2-9D9C-46E0-80C9-AF4BAEE86E64}
		{E8835DE6-5395-477F-B694-86D231239BCE} = {52B514B2-9D9C-46E0-80C9-AF4BAEE86E64}
		{F1BEFFC0-AF9E-4E8D-A397-865F061C3FD1} = {E8835DE6-5395-477F-B694-86D231239BCE}
	EndGlobalSection
	GlobalSection(ExtensibilityGlobals) = postSolution
		SolutionGuid = {67D63C6A-315D-480D-957B-9E02ACDA3635}
	EndGlobalSection
EndGlobal
